// !$*UTF8*$!
{
	archiveVersion = 1;
	classes = {
	};
	objectVersion = 50;
	objects = {

/* Begin PBXBuildFile section */
		CDED5BC5272BC29000D7B962 /* AppDelegate.swift in Sources */ = {isa = PBXBuildFile; fileRef = CDED5BC4272BC29000D7B962 /* AppDelegate.swift */; };
		CDED5BC7272BC29000D7B962 /* SceneDelegate.swift in Sources */ = {isa = PBXBuildFile; fileRef = CDED5BC6272BC29000D7B962 /* SceneDelegate.swift */; };
		CDED5BC9272BC29000D7B962 /* MoviesViewController.swift in Sources */ = {isa = PBXBuildFile; fileRef = CDED5BC8272BC29000D7B962 /* MoviesViewController.swift */; };
		CDED5BCC272BC29000D7B962 /* Main.storyboard in Resources */ = {isa = PBXBuildFile; fileRef = CDED5BCA272BC29000D7B962 /* Main.storyboard */; };
		CDED5BCE272BC29100D7B962 /* Assets.xcassets in Resources */ = {isa = PBXBuildFile; fileRef = CDED5BCD272BC29100D7B962 /* Assets.xcassets */; };
		CDED5BD1272BC29100D7B962 /* LaunchScreen.storyboard in Resources */ = {isa = PBXBuildFile; fileRef = CDED5BCF272BC29100D7B962 /* LaunchScreen.storyboard */; };
		CDED5BD9272BC63000D7B962 /* MovieListResponse.swift in Sources */ = {isa = PBXBuildFile; fileRef = CDED5BD8272BC63000D7B962 /* MovieListResponse.swift */; };
		CDED5BDD272BC95200D7B962 /* MovieTableViewCell.xib in Resources */ = {isa = PBXBuildFile; fileRef = CDED5BDB272BC95200D7B962 /* MovieTableViewCell.xib */; };
		CDED5BDF272BE24B00D7B962 /* MovieDetail.swift in Sources */ = {isa = PBXBuildFile; fileRef = CDED5BDE272BE24B00D7B962 /* MovieDetail.swift */; };
		CDED5BE1272BE6D000D7B962 /* MovieDetailViewController.swift in Sources */ = {isa = PBXBuildFile; fileRef = CDED5BE0272BE6D000D7B962 /* MovieDetailViewController.swift */; };
		DA0B33A52CFA9936008245E0 /* MovieDetailViewModel.swift in Sources */ = {isa = PBXBuildFile; fileRef = DA0B33A42CFA9936008245E0 /* MovieDetailViewModel.swift */; };
		DA0B33A72CFA9974008245E0 /* NetworkManager.swift in Sources */ = {isa = PBXBuildFile; fileRef = DA0B33A62CFA9974008245E0 /* NetworkManager.swift */; };
		DA0B33A92CFAA243008245E0 /* MovieListViewModel.swift in Sources */ = {isa = PBXBuildFile; fileRef = DA0B33A82CFAA243008245E0 /* MovieListViewModel.swift */; };
		DA0B33AD2CFAEC13008245E0 /* ImageDownloader.swift in Sources */ = {isa = PBXBuildFile; fileRef = DA0B33AC2CFAEC13008245E0 /* ImageDownloader.swift */; };
		DA0B33AF2CFB0A64008245E0 /* LoaderView.swift in Sources */ = {isa = PBXBuildFile; fileRef = DA0B33AE2CFB0A64008245E0 /* LoaderView.swift */; };
		DA0B33B12CFB1544008245E0 /* MovieTableViewCell.swift in Sources */ = {isa = PBXBuildFile; fileRef = DA0B33B02CFB1544008245E0 /* MovieTableViewCell.swift */; };
		DA0B33B32CFB1C60008245E0 /* UIViewController + extension.swift in Sources */ = {isa = PBXBuildFile; fileRef = DA0B33B22CFB1C60008245E0 /* UIViewController + extension.swift */; };
/* End PBXBuildFile section */

/* Begin PBXFileReference section */
		CDED5BC1272BC29000D7B962 /* moiveIMDB.app */ = {isa = PBXFileReference; explicitFileType = wrapper.application; includeInIndex = 0; path = moiveIMDB.app; sourceTree = BUILT_PRODUCTS_DIR; };
		CDED5BC4272BC29000D7B962 /* AppDelegate.swift */ = {isa = PBXFileReference; lastKnownFileType = sourcecode.swift; path = AppDelegate.swift; sourceTree = "<group>"; };
		CDED5BC6272BC29000D7B962 /* SceneDelegate.swift */ = {isa = PBXFileReference; lastKnownFileType = sourcecode.swift; path = SceneDelegate.swift; sourceTree = "<group>"; };
		CDED5BC8272BC29000D7B962 /* MoviesViewController.swift */ = {isa = PBXFileReference; lastKnownFileType = sourcecode.swift; path = MoviesViewController.swift; sourceTree = "<group>"; };
		CDED5BCB272BC29000D7B962 /* Base */ = {isa = PBXFileReference; lastKnownFileType = file.storyboard; name = Base; path = Base.lproj/Main.storyboard; sourceTree = "<group>"; };
		CDED5BCD272BC29100D7B962 /* Assets.xcassets */ = {isa = PBXFileReference; lastKnownFileType = folder.assetcatalog; path = Assets.xcassets; sourceTree = "<group>"; };
		CDED5BD0272BC29100D7B962 /* Base */ = {isa = PBXFileReference; lastKnownFileType = file.storyboard; name = Base; path = Base.lproj/LaunchScreen.storyboard; sourceTree = "<group>"; };
		CDED5BD2272BC29100D7B962 /* Info.plist */ = {isa = PBXFileReference; lastKnownFileType = text.plist.xml; path = Info.plist; sourceTree = "<group>"; };
		CDED5BD8272BC63000D7B962 /* MovieListResponse.swift */ = {isa = PBXFileReference; lastKnownFileType = sourcecode.swift; path = MovieListResponse.swift; sourceTree = "<group>"; };
		CDED5BDB272BC95200D7B962 /* MovieTableViewCell.xib */ = {isa = PBXFileReference; lastKnownFileType = file.xib; path = MovieTableViewCell.xib; sourceTree = "<group>"; };
		CDED5BDE272BE24B00D7B962 /* MovieDetail.swift */ = {isa = PBXFileReference; lastKnownFileType = sourcecode.swift; path = MovieDetail.swift; sourceTree = "<group>"; };
		CDED5BE0272BE6D000D7B962 /* MovieDetailViewController.swift */ = {isa = PBXFileReference; lastKnownFileType = sourcecode.swift; path = MovieDetailViewController.swift; sourceTree = "<group>"; };
		DA0B33A42CFA9936008245E0 /* MovieDetailViewModel.swift */ = {isa = PBXFileReference; lastKnownFileType = sourcecode.swift; path = MovieDetailViewModel.swift; sourceTree = "<group>"; };
		DA0B33A62CFA9974008245E0 /* NetworkManager.swift */ = {isa = PBXFileReference; lastKnownFileType = sourcecode.swift; path = NetworkManager.swift; sourceTree = "<group>"; };
		DA0B33A82CFAA243008245E0 /* MovieListViewModel.swift */ = {isa = PBXFileReference; lastKnownFileType = sourcecode.swift; path = MovieListViewModel.swift; sourceTree = "<group>"; };
		DA0B33AC2CFAEC13008245E0 /* ImageDownloader.swift */ = {isa = PBXFileReference; lastKnownFileType = sourcecode.swift; path = ImageDownloader.swift; sourceTree = "<group>"; };
		DA0B33AE2CFB0A64008245E0 /* LoaderView.swift */ = {isa = PBXFileReference; lastKnownFileType = sourcecode.swift; path = LoaderView.swift; sourceTree = "<group>"; };
		DA0B33B02CFB1544008245E0 /* MovieTableViewCell.swift */ = {isa = PBXFileReference; lastKnownFileType = sourcecode.swift; path = MovieTableViewCell.swift; sourceTree = "<group>"; };
		DA0B33B22CFB1C60008245E0 /* UIViewController + extension.swift */ = {isa = PBXFileReference; lastKnownFileType = sourcecode.swift; path = "UIViewController + extension.swift"; sourceTree = "<group>"; };
/* End PBXFileReference section */

/* Begin PBXFrameworksBuildPhase section */
		CDED5BBE272BC29000D7B962 /* Frameworks */ = {
			isa = PBXFrameworksBuildPhase;
			buildActionMask = 2147483647;
			files = (
			);
			runOnlyForDeploymentPostprocessing = 0;
		};
/* End PBXFrameworksBuildPhase section */

/* Begin PBXGroup section */
		CDED5BB8272BC29000D7B962 = {
			isa = PBXGroup;
			children = (
				CDED5BC3272BC29000D7B962 /* moiveIMDB */,
				CDED5BC2272BC29000D7B962 /* Products */,
			);
			sourceTree = "<group>";
		};
		CDED5BC2272BC29000D7B962 /* Products */ = {
			isa = PBXGroup;
			children = (
				CDED5BC1272BC29000D7B962 /* moiveIMDB.app */,
			);
			name = Products;
			sourceTree = "<group>";
		};
		CDED5BC3272BC29000D7B962 /* moiveIMDB */ = {
			isa = PBXGroup;
			children = (
				CDED5BC4272BC29000D7B962 /* AppDelegate.swift */,
				CDED5BC6272BC29000D7B962 /* SceneDelegate.swift */,
				DA0B33B42CFB3210008245E0 /* Movie List Screen */,
				DA0B33B82CFB3285008245E0 /* Helper  */,
				CDED5BCA272BC29000D7B962 /* Main.storyboard */,
				CDED5BCF272BC29100D7B962 /* LaunchScreen.storyboard */,
				CDED5BCD272BC29100D7B962 /* Assets.xcassets */,
				CDED5BD2272BC29100D7B962 /* Info.plist */,
				CDED5BDE272BE24B00D7B962 /* MovieDetail.swift */,
				CDED5BE0272BE6D000D7B962 /* MovieDetailViewController.swift */,
				DA0B33A42CFA9936008245E0 /* MovieDetailViewModel.swift */,
			);
			path = moiveIMDB;
			sourceTree = "<group>";
		};
		DA0B33B42CFB3210008245E0 /* Movie List Screen */ = {
			isa = PBXGroup;
			children = (
				DA0B33B62CFB3258008245E0 /* Model */,
				DA0B33B52CFB3243008245E0 /* View */,
				DA0B33B72CFB3274008245E0 /* ViewModel */,
			);
			path = "Movie List Screen";
			sourceTree = "<group>";
		};
		DA0B33B52CFB3243008245E0 /* View */ = {
			isa = PBXGroup;
			children = (
				CDED5BC8272BC29000D7B962 /* MoviesViewController.swift */,
				DA0B33B02CFB1544008245E0 /* MovieTableViewCell.swift */,
				CDED5BDB272BC95200D7B962 /* MovieTableViewCell.xib */,
			);
			path = View;
			sourceTree = "<group>";
		};
		DA0B33B62CFB3258008245E0 /* Model */ = {
			isa = PBXGroup;
			children = (
				CDED5BD8272BC63000D7B962 /* MovieListResponse.swift */,
			);
			path = Model;
			sourceTree = "<group>";
		};
		DA0B33B72CFB3274008245E0 /* ViewModel */ = {
			isa = PBXGroup;
			children = (
				DA0B33A82CFAA243008245E0 /* MovieListViewModel.swift */,
			);
			path = ViewModel;
			sourceTree = "<group>";
		};
		DA0B33B82CFB3285008245E0 /* Helper  */ = {
			isa = PBXGroup;
			children = (
				DA0B33A62CFA9974008245E0 /* NetworkManager.swift */,
				DA0B33AC2CFAEC13008245E0 /* ImageDownloader.swift */,
				DA0B33B22CFB1C60008245E0 /* UIViewController + extension.swift */,
				DA0B33AE2CFB0A64008245E0 /* LoaderView.swift */,
			);
			path = "Helper ";
			sourceTree = "<group>";
		};
/* End PBXGroup section */

/* Begin PBXNativeTarget section */
		CDED5BC0272BC29000D7B962 /* moiveIMDB */ = {
			isa = PBXNativeTarget;
			buildConfigurationList = CDED5BD5272BC29100D7B962 /* Build configuration list for PBXNativeTarget "moiveIMDB" */;
			buildPhases = (
				CDED5BBD272BC29000D7B962 /* Sources */,
				CDED5BBE272BC29000D7B962 /* Frameworks */,
				CDED5BBF272BC29000D7B962 /* Resources */,
			);
			buildRules = (
			);
			dependencies = (
			);
			name = moiveIMDB;
			productName = moiveIMDB;
			productReference = CDED5BC1272BC29000D7B962 /* moiveIMDB.app */;
			productType = "com.apple.product-type.application";
		};
/* End PBXNativeTarget section */

/* Begin PBXProject section */
		CDED5BB9272BC29000D7B962 /* Project object */ = {
			isa = PBXProject;
			attributes = {
				LastSwiftUpdateCheck = 1250;
				LastUpgradeCheck = 1250;
				TargetAttributes = {
					CDED5BC0272BC29000D7B962 = {
						CreatedOnToolsVersion = 12.5.1;
					};
				};
			};
			buildConfigurationList = CDED5BBC272BC29000D7B962 /* Build configuration list for PBXProject "moiveIMDB" */;
			compatibilityVersion = "Xcode 9.3";
			developmentRegion = en;
			hasScannedForEncodings = 0;
			knownRegions = (
				en,
				Base,
			);
			mainGroup = CDED5BB8272BC29000D7B962;
			productRefGroup = CDED5BC2272BC29000D7B962 /* Products */;
			projectDirPath = "";
			projectRoot = "";
			targets = (
				CDED5BC0272BC29000D7B962 /* moiveIMDB */,
			);
		};
/* End PBXProject section */

/* Begin PBXResourcesBuildPhase section */
		CDED5BBF272BC29000D7B962 /* Resources */ = {
			isa = PBXResourcesBuildPhase;
			buildActionMask = 2147483647;
			files = (
				CDED5BD1272BC29100D7B962 /* LaunchScreen.storyboard in Resources */,
				CDED5BDD272BC95200D7B962 /* MovieTableViewCell.xib in Resources */,
				CDED5BCE272BC29100D7B962 /* Assets.xcassets in Resources */,
				CDED5BCC272BC29000D7B962 /* Main.storyboard in Resources */,
			);
			runOnlyForDeploymentPostprocessing = 0;
		};
/* End PBXResourcesBuildPhase section */

/* Begin PBXSourcesBuildPhase section */
		CDED5BBD272BC29000D7B962 /* Sources */ = {
			isa = PBXSourcesBuildPhase;
			buildActionMask = 2147483647;
			files = (
				CDED5BE1272BE6D000D7B962 /* MovieDetailViewController.swift in Sources */,
				CDED5BD9272BC63000D7B962 /* MovieListResponse.swift in Sources */,
				DA0B33B12CFB1544008245E0 /* MovieTableViewCell.swift in Sources */,
				CDED5BC9272BC29000D7B962 /* MoviesViewController.swift in Sources */,
				DA0B33AF2CFB0A64008245E0 /* LoaderView.swift in Sources */,
				CDED5BDF272BE24B00D7B962 /* MovieDetail.swift in Sources */,
				DA0B33A72CFA9974008245E0 /* NetworkManager.swift in Sources */,
				DA0B33AD2CFAEC13008245E0 /* ImageDownloader.swift in Sources */,
				DA0B33A52CFA9936008245E0 /* MovieDetailViewModel.swift in Sources */,
				CDED5BC5272BC29000D7B962 /* AppDelegate.swift in Sources */,
				DA0B33B32CFB1C60008245E0 /* UIViewController + extension.swift in Sources */,
				CDED5BC7272BC29000D7B962 /* SceneDelegate.swift in Sources */,
				DA0B33A92CFAA243008245E0 /* MovieListViewModel.swift in Sources */,
			);
			runOnlyForDeploymentPostprocessing = 0;
		};
/* End PBXSourcesBuildPhase section */

/* Begin PBXVariantGroup section */
		CDED5BCA272BC29000D7B962 /* Main.storyboard */ = {
			isa = PBXVariantGroup;
			children = (
				CDED5BCB272BC29000D7B962 /* Base */,
			);
			name = Main.storyboard;
			sourceTree = "<group>";
		};
		CDED5BCF272BC29100D7B962 /* LaunchScreen.storyboard */ = {
			isa = PBXVariantGroup;
			children = (
				CDED5BD0272BC29100D7B962 /* Base */,
			);
			name = LaunchScreen.storyboard;
			sourceTree = "<group>";
		};
/* End PBXVariantGroup section */

/* Begin XCBuildConfiguration section */
		CDED5BD3272BC29100D7B962 /* Debug */ = {
			isa = XCBuildConfiguration;
			buildSettings = {
				ALWAYS_SEARCH_USER_PATHS = NO;
				CLANG_ANALYZER_NONNULL = YES;
				CLANG_ANALYZER_NUMBER_OBJECT_CONVERSION = YES_AGGRESSIVE;
				CLANG_CXX_LANGUAGE_STANDARD = "gnu++14";
				CLANG_CXX_LIBRARY = "libc++";
				CLANG_ENABLE_MODULES = YES;
				CLANG_ENABLE_OBJC_ARC = YES;
				CLANG_ENABLE_OBJC_WEAK = YES;
				CLANG_WARN_BLOCK_CAPTURE_AUTORELEASING = YES;
				CLANG_WARN_BOOL_CONVERSION = YES;
				CLANG_WARN_COMMA = YES;
				CLANG_WARN_CONSTANT_CONVERSION = YES;
				CLANG_WARN_DEPRECATED_OBJC_IMPLEMENTATIONS = YES;
				CLANG_WARN_DIRECT_OBJC_ISA_USAGE = YES_ERROR;
				CLANG_WARN_DOCUMENTATION_COMMENTS = YES;
				CLANG_WARN_EMPTY_BODY = YES;
				CLANG_WARN_ENUM_CONVERSION = YES;
				CLANG_WARN_INFINITE_RECURSION = YES;
				CLANG_WARN_INT_CONVERSION = YES;
				CLANG_WARN_NON_LITERAL_NULL_CONVERSION = YES;
				CLANG_WARN_OBJC_IMPLICIT_RETAIN_SELF = YES;
				CLANG_WARN_OBJC_LITERAL_CONVERSION = YES;
				CLANG_WARN_OBJC_ROOT_CLASS = YES_ERROR;
				CLANG_WARN_QUOTED_INCLUDE_IN_FRAMEWORK_HEADER = YES;
				CLANG_WARN_RANGE_LOOP_ANALYSIS = YES;
				CLANG_WARN_STRICT_PROTOTYPES = YES;
				CLANG_WARN_SUSPICIOUS_MOVE = YES;
				CLANG_WARN_UNGUARDED_AVAILABILITY = YES_AGGRESSIVE;
				CLANG_WARN_UNREACHABLE_CODE = YES;
				CLANG_WARN__DUPLICATE_METHOD_MATCH = YES;
				COPY_PHASE_STRIP = NO;
				DEBUG_INFORMATION_FORMAT = dwarf;
				ENABLE_STRICT_OBJC_MSGSEND = YES;
				ENABLE_TESTABILITY = YES;
				GCC_C_LANGUAGE_STANDARD = gnu11;
				GCC_DYNAMIC_NO_PIC = NO;
				GCC_NO_COMMON_BLOCKS = YES;
				GCC_OPTIMIZATION_LEVEL = 0;
				GCC_PREPROCESSOR_DEFINITIONS = (
					"DEBUG=1",
					"$(inherited)",
				);
				GCC_WARN_64_TO_32_BIT_CONVERSION = YES;
				GCC_WARN_ABOUT_RETURN_TYPE = YES_ERROR;
				GCC_WARN_UNDECLARED_SELECTOR = YES;
				GCC_WARN_UNINITIALIZED_AUTOS = YES_AGGRESSIVE;
				GCC_WARN_UNUSED_FUNCTION = YES;
				GCC_WARN_UNUSED_VARIABLE = YES;
				IPHONEOS_DEPLOYMENT_TARGET = 14.5;
				MTL_ENABLE_DEBUG_INFO = INCLUDE_SOURCE;
				MTL_FAST_MATH = YES;
				ONLY_ACTIVE_ARCH = YES;
				SDKROOT = iphoneos;
				SWIFT_ACTIVE_COMPILATION_CONDITIONS = DEBUG;
				SWIFT_OPTIMIZATION_LEVEL = "-Onone";
			};
			name = Debug;
		};
		CDED5BD4272BC29100D7B962 /* Release */ = {
			isa = XCBuildConfiguration;
			buildSettings = {
				ALWAYS_SEARCH_USER_PATHS = NO;
				CLANG_ANALYZER_NONNULL = YES;
				CLANG_ANALYZER_NUMBER_OBJECT_CONVERSION = YES_AGGRESSIVE;
				CLANG_CXX_LANGUAGE_STANDARD = "gnu++14";
				CLANG_CXX_LIBRARY = "libc++";
				CLANG_ENABLE_MODULES = YES;
				CLANG_ENABLE_OBJC_ARC = YES;
				CLANG_ENABLE_OBJC_WEAK = YES;
				CLANG_WARN_BLOCK_CAPTURE_AUTORELEASING = YES;
				CLANG_WARN_BOOL_CONVERSION = YES;
				CLANG_WARN_COMMA = YES;
				CLANG_WARN_CONSTANT_CONVERSION = YES;
				CLANG_WARN_DEPRECATED_OBJC_IMPLEMENTATIONS = YES;
				CLANG_WARN_DIRECT_OBJC_ISA_USAGE = YES_ERROR;
				CLANG_WARN_DOCUMENTATION_COMMENTS = YES;
				CLANG_WARN_EMPTY_BODY = YES;
				CLANG_WARN_ENUM_CONVERSION = YES;
				CLANG_WARN_INFINITE_RECURSION = YES;
				CLANG_WARN_INT_CONVERSION = YES;
				CLANG_WARN_NON_LITERAL_NULL_CONVERSION = YES;
				CLANG_WARN_OBJC_IMPLICIT_RETAIN_SELF = YES;
				CLANG_WARN_OBJC_LITERAL_CONVERSION = YES;
				CLANG_WARN_OBJC_ROOT_CLASS = YES_ERROR;
				CLANG_WARN_QUOTED_INCLUDE_IN_FRAMEWORK_HEADER = YES;
				CLANG_WARN_RANGE_LOOP_ANALYSIS = YES;
				CLANG_WARN_STRICT_PROTOTYPES = YES;
				CLANG_WARN_SUSPICIOUS_MOVE = YES;
				CLANG_WARN_UNGUARDED_AVAILABILITY = YES_AGGRESSIVE;
				CLANG_WARN_UNREACHABLE_CODE = YES;
				CLANG_WARN__DUPLICATE_METHOD_MATCH = YES;
				COPY_PHASE_STRIP = NO;
				DEBUG_INFORMATION_FORMAT = "dwarf-with-dsym";
				ENABLE_NS_ASSERTIONS = NO;
				ENABLE_STRICT_OBJC_MSGSEND = YES;
				GCC_C_LANGUAGE_STANDARD = gnu11;
				GCC_NO_COMMON_BLOCKS = YES;
				GCC_WARN_64_TO_32_BIT_CONVERSION = YES;
				GCC_WARN_ABOUT_RETURN_TYPE = YES_ERROR;
				GCC_WARN_UNDECLARED_SELECTOR = YES;
				GCC_WARN_UNINITIALIZED_AUTOS = YES_AGGRESSIVE;
				GCC_WARN_UNUSED_FUNCTION = YES;
				GCC_WARN_UNUSED_VARIABLE = YES;
				IPHONEOS_DEPLOYMENT_TARGET = 14.5;
				MTL_ENABLE_DEBUG_INFO = NO;
				MTL_FAST_MATH = YES;
				SDKROOT = iphoneos;
				SWIFT_COMPILATION_MODE = wholemodule;
				SWIFT_OPTIMIZATION_LEVEL = "-O";
				VALIDATE_PRODUCT = YES;
			};
			name = Release;
		};
		CDED5BD6272BC29100D7B962 /* Debug */ = {
			isa = XCBuildConfiguration;
			buildSettings = {
				ASSETCATALOG_COMPILER_APPICON_NAME = AppIcon;
				ASSETCATALOG_COMPILER_GLOBAL_ACCENT_COLOR_NAME = AccentColor;
				CODE_SIGN_STYLE = Automatic;
				DEVELOPMENT_TEAM = F638V29VVL;
				INFOPLIST_FILE = moiveIMDB/Info.plist;
				LD_RUNPATH_SEARCH_PATHS = (
					"$(inherited)",
					"@executable_path/Frameworks",
				);
				PRODUCT_BUNDLE_IDENTIFIER = macTyagi.moiveIMDB;
				PRODUCT_NAME = "$(TARGET_NAME)";
				SWIFT_VERSION = 5.0;
				TARGETED_DEVICE_FAMILY = "1,2";
			};
			name = Debug;
		};
		CDED5BD7272BC29100D7B962 /* Release */ = {
			isa = XCBuildConfiguration;
			buildSettings = {
				ASSETCATALOG_COMPILER_APPICON_NAME = AppIcon;
				ASSETCATALOG_COMPILER_GLOBAL_ACCENT_COLOR_NAME = AccentColor;
				CODE_SIGN_STYLE = Automatic;
				DEVELOPMENT_TEAM = F638V29VVL;
				INFOPLIST_FILE = moiveIMDB/Info.plist;
				LD_RUNPATH_SEARCH_PATHS = (
					"$(inherited)",
					"@executable_path/Frameworks",
				);
				PRODUCT_BUNDLE_IDENTIFIER = macTyagi.moiveIMDB;
				PRODUCT_NAME = "$(TARGET_NAME)";
				SWIFT_VERSION = 5.0;
				TARGETED_DEVICE_FAMILY = "1,2";
			};
			name = Release;
		};
/* End XCBuildConfiguration section */

/* Begin XCConfigurationList section */
		CDED5BBC272BC29000D7B962 /* Build configuration list for PBXProject "moiveIMDB" */ = {
			isa = XCConfigurationList;
			buildConfigurations = (
				CDED5BD3272BC29100D7B962 /* Debug */,
				CDED5BD4272BC29100D7B962 /* Release */,
			);
			defaultConfigurationIsVisible = 0;
			defaultConfigurationName = Release;
		};
		CDED5BD5272BC29100D7B962 /* Build configuration list for PBXNativeTarget "moiveIMDB" */ = {
			isa = XCConfigurationList;
			buildConfigurations = (
				CDED5BD6272BC29100D7B962 /* Debug */,
				CDED5BD7272BC29100D7B962 /* Release */,
			);
			defaultConfigurationIsVisible = 0;
			defaultConfigurationName = Release;
		};
/* End XCConfigurationList section */
	};
	rootObject = CDED5BB9272BC29000D7B962 /* Project object */;
}
